// !$*UTF8*$!
{
	archiveVersion = 1;
	classes = {
	};
	objectVersion = 56;
	objects = {

/* Begin PBXBuildFile section */
		01E14D2DBF3FF47F09478FFD /* Pods_Mkcals.framework in Frameworks */ = {isa = PBXBuildFile; fileRef = 16AAEE62F74528F7E9B5DC07 /* Pods_Mkcals.framework */; };
		31292BDE2D119C0E00906DE6 /* demo_menu.json in Resources */ = {isa = PBXBuildFile; fileRef = 31292BDD2D119A5400906DE6 /* demo_menu.json */; };
		313594742D2A020200AF9D5F /* special_menu.json in Resources */ = {isa = PBXBuildFile; fileRef = 313594732D2A020200AF9D5F /* special_menu.json */; };
		3145F1BB2CBF4B6E00946A34 /* JsonTesting.swift in Sources */ = {isa = PBXBuildFile; fileRef = 3145F1BA2CBF4B6E00946A34 /* JsonTesting.swift */; };
		3145F1BD2CC3500500946A34 /* Selector.swift in Sources */ = {isa = PBXBuildFile; fileRef = 3145F1BC2CC3500500946A34 /* Selector.swift */; };
		3172A1332CBC4CD400BDD5BC /* MkcalsApp.swift in Sources */ = {isa = PBXBuildFile; fileRef = 3172A1322CBC4CD400BDD5BC /* MkcalsApp.swift */; };
		3172A1352CBC4CD400BDD5BC /* ContentView.swift in Sources */ = {isa = PBXBuildFile; fileRef = 3172A1342CBC4CD400BDD5BC /* ContentView.swift */; };
		3172A1372CBC4CD500BDD5BC /* Assets.xcassets in Resources */ = {isa = PBXBuildFile; fileRef = 3172A1362CBC4CD500BDD5BC /* Assets.xcassets */; };
		3172A13A2CBC4CD500BDD5BC /* Preview Assets.xcassets in Resources */ = {isa = PBXBuildFile; fileRef = 3172A1392CBC4CD500BDD5BC /* Preview Assets.xcassets */; };
		3172A1412CBC51C600BDD5BC /* Setup.swift in Sources */ = {isa = PBXBuildFile; fileRef = 3172A1402CBC51C600BDD5BC /* Setup.swift */; };
		3172A1472CBDA6A800BDD5BC /* Homepage.swift in Sources */ = {isa = PBXBuildFile; fileRef = 3172A1462CBDA6A800BDD5BC /* Homepage.swift */; };
/* End PBXBuildFile section */

/* Begin PBXFileReference section */
		16AAEE62F74528F7E9B5DC07 /* Pods_Mkcals.framework */ = {isa = PBXFileReference; explicitFileType = wrapper.framework; includeInIndex = 0; path = Pods_Mkcals.framework; sourceTree = BUILT_PRODUCTS_DIR; };
		31292BDD2D119A5400906DE6 /* demo_menu.json */ = {isa = PBXFileReference; lastKnownFileType = text.json; path = demo_menu.json; sourceTree = "<group>"; };
		313594732D2A020200AF9D5F /* special_menu.json */ = {isa = PBXFileReference; fileEncoding = 4; lastKnownFileType = text.json; path = special_menu.json; sourceTree = "<group>"; };
		3145F1BA2CBF4B6E00946A34 /* JsonTesting.swift */ = {isa = PBXFileReference; lastKnownFileType = sourcecode.swift; path = JsonTesting.swift; sourceTree = "<group>"; };
		3145F1BC2CC3500500946A34 /* Selector.swift */ = {isa = PBXFileReference; lastKnownFileType = sourcecode.swift; path = Selector.swift; sourceTree = "<group>"; };
		3172A12F2CBC4CD400BDD5BC /* M-Cals.app */ = {isa = PBXFileReference; explicitFileType = wrapper.application; includeInIndex = 0; path = "M-Cals.app"; sourceTree = BUILT_PRODUCTS_DIR; };
		3172A1322CBC4CD400BDD5BC /* MkcalsApp.swift */ = {isa = PBXFileReference; lastKnownFileType = sourcecode.swift; path = MkcalsApp.swift; sourceTree = "<group>"; };
		3172A1342CBC4CD400BDD5BC /* ContentView.swift */ = {isa = PBXFileReference; lastKnownFileType = sourcecode.swift; path = ContentView.swift; sourceTree = "<group>"; };
		3172A1362CBC4CD500BDD5BC /* Assets.xcassets */ = {isa = PBXFileReference; lastKnownFileType = folder.assetcatalog; path = Assets.xcassets; sourceTree = "<group>"; };
		3172A1392CBC4CD500BDD5BC /* Preview Assets.xcassets */ = {isa = PBXFileReference; lastKnownFileType = folder.assetcatalog; path = "Preview Assets.xcassets"; sourceTree = "<group>"; };
		3172A1402CBC51C600BDD5BC /* Setup.swift */ = {isa = PBXFileReference; lastKnownFileType = sourcecode.swift; path = Setup.swift; sourceTree = "<group>"; };
		3172A1462CBDA6A800BDD5BC /* Homepage.swift */ = {isa = PBXFileReference; lastKnownFileType = sourcecode.swift; path = Homepage.swift; sourceTree = "<group>"; };
		31AA10042CF4567C004C3380 /* Info.plist */ = {isa = PBXFileReference; lastKnownFileType = text.plist; path = Info.plist; sourceTree = "<group>"; };
		57C4CCD2C03D6182DD5B687D /* Pods-Mkcals.release.xcconfig */ = {isa = PBXFileReference; includeInIndex = 1; lastKnownFileType = text.xcconfig; name = "Pods-Mkcals.release.xcconfig"; path = "Target Support Files/Pods-Mkcals/Pods-Mkcals.release.xcconfig"; sourceTree = "<group>"; };
		62B17EBF452A9D1FBCE30DCE /* Pods-Mkcals.debug.xcconfig */ = {isa = PBXFileReference; includeInIndex = 1; lastKnownFileType = text.xcconfig; name = "Pods-Mkcals.debug.xcconfig"; path = "Target Support Files/Pods-Mkcals/Pods-Mkcals.debug.xcconfig"; sourceTree = "<group>"; };
/* End PBXFileReference section */

/* Begin PBXFrameworksBuildPhase section */
		3172A12C2CBC4CD400BDD5BC /* Frameworks */ = {
			isa = PBXFrameworksBuildPhase;
			buildActionMask = 2147483647;
			files = (
				01E14D2DBF3FF47F09478FFD /* Pods_Mkcals.framework in Frameworks */,
			);
			runOnlyForDeploymentPostprocessing = 0;
		};
/* End PBXFrameworksBuildPhase section */

/* Begin PBXGroup section */
		3172A1262CBC4CD400BDD5BC = {
			isa = PBXGroup;
			children = (
				3172A1312CBC4CD400BDD5BC /* M-Cals */,
				3172A1302CBC4CD400BDD5BC /* Products */,
				E6057329D3C0CF472D470C9A /* Pods */,
				33313B23521A7772A93F2A98 /* Frameworks */,
			);
			sourceTree = "<group>";
		};
		3172A1302CBC4CD400BDD5BC /* Products */ = {
			isa = PBXGroup;
			children = (
				3172A12F2CBC4CD400BDD5BC /* M-Cals.app */,
			);
			name = Products;
			sourceTree = "<group>";
		};
		3172A1312CBC4CD400BDD5BC /* M-Cals */ = {
			isa = PBXGroup;
			children = (
				31AA10042CF4567C004C3380 /* Info.plist */,
				3172A1322CBC4CD400BDD5BC /* MkcalsApp.swift */,
				3172A1462CBDA6A800BDD5BC /* Homepage.swift */,
				3172A1342CBC4CD400BDD5BC /* ContentView.swift */,
				3145F1BC2CC3500500946A34 /* Selector.swift */,
				3145F1BA2CBF4B6E00946A34 /* JsonTesting.swift */,
				3172A1402CBC51C600BDD5BC /* Setup.swift */,
				313594732D2A020200AF9D5F /* special_menu.json */,
				31292BDD2D119A5400906DE6 /* demo_menu.json */,
				3172A1362CBC4CD500BDD5BC /* Assets.xcassets */,
				3172A1382CBC4CD500BDD5BC /* Preview Content */,
			);
			path = "M-Cals";
			sourceTree = "<group>";
		};
		3172A1382CBC4CD500BDD5BC /* Preview Content */ = {
			isa = PBXGroup;
			children = (
				3172A1392CBC4CD500BDD5BC /* Preview Assets.xcassets */,
			);
			path = "Preview Content";
			sourceTree = "<group>";
		};
		33313B23521A7772A93F2A98 /* Frameworks */ = {
			isa = PBXGroup;
			children = (
				16AAEE62F74528F7E9B5DC07 /* Pods_Mkcals.framework */,
			);
			name = Frameworks;
			sourceTree = "<group>";
		};
		E6057329D3C0CF472D470C9A /* Pods */ = {
			isa = PBXGroup;
			children = (
				62B17EBF452A9D1FBCE30DCE /* Pods-Mkcals.debug.xcconfig */,
				57C4CCD2C03D6182DD5B687D /* Pods-Mkcals.release.xcconfig */,
			);
			path = Pods;
			sourceTree = "<group>";
		};
/* End PBXGroup section */

/* Begin PBXNativeTarget section */
		3172A12E2CBC4CD400BDD5BC /* M-Cals */ = {
			isa = PBXNativeTarget;
			buildConfigurationList = 3172A13D2CBC4CD500BDD5BC /* Build configuration list for PBXNativeTarget "M-Cals" */;
			buildPhases = (
				A038F2FD430920D4AA7DA6AC /* [CP] Check Pods Manifest.lock */,
				3172A12B2CBC4CD400BDD5BC /* Sources */,
				3172A12C2CBC4CD400BDD5BC /* Frameworks */,
				3172A12D2CBC4CD400BDD5BC /* Resources */,
				C4DB1D08C2AA68234DA8AA5F /* [CP] Embed Pods Frameworks */,
			);
			buildRules = (
			);
			dependencies = (
			);
			name = "M-Cals";
			productName = Mkcals;
			productReference = 3172A12F2CBC4CD400BDD5BC /* M-Cals.app */;
			productType = "com.apple.product-type.application";
		};
/* End PBXNativeTarget section */

/* Begin PBXProject section */
		3172A1272CBC4CD400BDD5BC /* Project object */ = {
			isa = PBXProject;
			attributes = {
				BuildIndependentTargetsInParallel = 1;
				LastSwiftUpdateCheck = 1540;
				LastUpgradeCheck = 1540;
				TargetAttributes = {
					3172A12E2CBC4CD400BDD5BC = {
						CreatedOnToolsVersion = 15.4;
					};
				};
			};
			buildConfigurationList = 3172A12A2CBC4CD400BDD5BC /* Build configuration list for PBXProject "M-Cals" */;
			compatibilityVersion = "Xcode 14.0";
			developmentRegion = en;
			hasScannedForEncodings = 0;
			knownRegions = (
				en,
				Base,
			);
			mainGroup = 3172A1262CBC4CD400BDD5BC;
			productRefGroup = 3172A1302CBC4CD400BDD5BC /* Products */;
			projectDirPath = "";
			projectRoot = "";
			targets = (
				3172A12E2CBC4CD400BDD5BC /* M-Cals */,
			);
		};
/* End PBXProject section */

/* Begin PBXResourcesBuildPhase section */
		3172A12D2CBC4CD400BDD5BC /* Resources */ = {
			isa = PBXResourcesBuildPhase;
			buildActionMask = 2147483647;
			files = (
				31292BDE2D119C0E00906DE6 /* demo_menu.json in Resources */,
				3172A13A2CBC4CD500BDD5BC /* Preview Assets.xcassets in Resources */,
				313594742D2A020200AF9D5F /* special_menu.json in Resources */,
				3172A1372CBC4CD500BDD5BC /* Assets.xcassets in Resources */,
			);
			runOnlyForDeploymentPostprocessing = 0;
		};
/* End PBXResourcesBuildPhase section */

/* Begin PBXShellScriptBuildPhase section */
		A038F2FD430920D4AA7DA6AC /* [CP] Check Pods Manifest.lock */ = {
			isa = PBXShellScriptBuildPhase;
			buildActionMask = 2147483647;
			files = (
			);
			inputFileListPaths = (
			);
			inputPaths = (
				"${PODS_PODFILE_DIR_PATH}/Podfile.lock",
				"${PODS_ROOT}/Manifest.lock",
			);
			name = "[CP] Check Pods Manifest.lock";
			outputFileListPaths = (
			);
			outputPaths = (
				"$(DERIVED_FILE_DIR)/Pods-Mkcals-checkManifestLockResult.txt",
			);
			runOnlyForDeploymentPostprocessing = 0;
			shellPath = /bin/sh;
			shellScript = "diff \"${PODS_PODFILE_DIR_PATH}/Podfile.lock\" \"${PODS_ROOT}/Manifest.lock\" > /dev/null\nif [ $? != 0 ] ; then\n    # print error to STDERR\n    echo \"error: The sandbox is not in sync with the Podfile.lock. Run 'pod install' or update your CocoaPods installation.\" >&2\n    exit 1\nfi\n# This output is used by Xcode 'outputs' to avoid re-running this script phase.\necho \"SUCCESS\" > \"${SCRIPT_OUTPUT_FILE_0}\"\n";
			showEnvVarsInLog = 0;
		};
		C4DB1D08C2AA68234DA8AA5F /* [CP] Embed Pods Frameworks */ = {
			isa = PBXShellScriptBuildPhase;
			buildActionMask = 2147483647;
			files = (
			);
			inputFileListPaths = (
				"${PODS_ROOT}/Target Support Files/Pods-Mkcals/Pods-Mkcals-frameworks-${CONFIGURATION}-input-files.xcfilelist",
			);
			name = "[CP] Embed Pods Frameworks";
			outputFileListPaths = (
				"${PODS_ROOT}/Target Support Files/Pods-Mkcals/Pods-Mkcals-frameworks-${CONFIGURATION}-output-files.xcfilelist",
			);
			runOnlyForDeploymentPostprocessing = 0;
			shellPath = /bin/sh;
			shellScript = "\"${PODS_ROOT}/Target Support Files/Pods-Mkcals/Pods-Mkcals-frameworks.sh\"\n";
			showEnvVarsInLog = 0;
		};
/* End PBXShellScriptBuildPhase section */

/* Begin PBXSourcesBuildPhase section */
		3172A12B2CBC4CD400BDD5BC /* Sources */ = {
			isa = PBXSourcesBuildPhase;
			buildActionMask = 2147483647;
			files = (
				3172A1352CBC4CD400BDD5BC /* ContentView.swift in Sources */,
				3145F1BB2CBF4B6E00946A34 /* JsonTesting.swift in Sources */,
				3145F1BD2CC3500500946A34 /* Selector.swift in Sources */,
				3172A1412CBC51C600BDD5BC /* Setup.swift in Sources */,
				3172A1332CBC4CD400BDD5BC /* MkcalsApp.swift in Sources */,
				3172A1472CBDA6A800BDD5BC /* Homepage.swift in Sources */,
			);
			runOnlyForDeploymentPostprocessing = 0;
		};
/* End PBXSourcesBuildPhase section */

/* Begin XCBuildConfiguration section */
		3172A13B2CBC4CD500BDD5BC /* Debug */ = {
			isa = XCBuildConfiguration;
			buildSettings = {
				ALWAYS_SEARCH_USER_PATHS = NO;
				ASSETCATALOG_COMPILER_GENERATE_SWIFT_ASSET_SYMBOL_EXTENSIONS = YES;
				CLANG_ANALYZER_NONNULL = YES;
				CLANG_ANALYZER_NUMBER_OBJECT_CONVERSION = YES_AGGRESSIVE;
				CLANG_CXX_LANGUAGE_STANDARD = "gnu++20";
				CLANG_ENABLE_MODULES = YES;
				CLANG_ENABLE_OBJC_ARC = YES;
				CLANG_ENABLE_OBJC_WEAK = YES;
				CLANG_WARN_BLOCK_CAPTURE_AUTORELEASING = YES;
				CLANG_WARN_BOOL_CONVERSION = YES;
				CLANG_WARN_COMMA = YES;
				CLANG_WARN_CONSTANT_CONVERSION = YES;
				CLANG_WARN_DEPRECATED_OBJC_IMPLEMENTATIONS = YES;
				CLANG_WARN_DIRECT_OBJC_ISA_USAGE = YES_ERROR;
				CLANG_WARN_DOCUMENTATION_COMMENTS = YES;
				CLANG_WARN_EMPTY_BODY = YES;
				CLANG_WARN_ENUM_CONVERSION = YES;
				CLANG_WARN_INFINITE_RECURSION = YES;
				CLANG_WARN_INT_CONVERSION = YES;
				CLANG_WARN_NON_LITERAL_NULL_CONVERSION = YES;
				CLANG_WARN_OBJC_IMPLICIT_RETAIN_SELF = YES;
				CLANG_WARN_OBJC_LITERAL_CONVERSION = YES;
				CLANG_WARN_OBJC_ROOT_CLASS = YES_ERROR;
				CLANG_WARN_QUOTED_INCLUDE_IN_FRAMEWORK_HEADER = YES;
				CLANG_WARN_RANGE_LOOP_ANALYSIS = YES;
				CLANG_WARN_STRICT_PROTOTYPES = YES;
				CLANG_WARN_SUSPICIOUS_MOVE = YES;
				CLANG_WARN_UNGUARDED_AVAILABILITY = YES_AGGRESSIVE;
				CLANG_WARN_UNREACHABLE_CODE = YES;
				CLANG_WARN__DUPLICATE_METHOD_MATCH = YES;
				COPY_PHASE_STRIP = NO;
				DEBUG_INFORMATION_FORMAT = dwarf;
				ENABLE_STRICT_OBJC_MSGSEND = YES;
				ENABLE_TESTABILITY = YES;
				ENABLE_USER_SCRIPT_SANDBOXING = NO;
				GCC_C_LANGUAGE_STANDARD = gnu17;
				GCC_DYNAMIC_NO_PIC = NO;
				GCC_NO_COMMON_BLOCKS = YES;
				GCC_OPTIMIZATION_LEVEL = 0;
				GCC_PREPROCESSOR_DEFINITIONS = (
					"DEBUG=1",
					"$(inherited)",
				);
				GCC_WARN_64_TO_32_BIT_CONVERSION = YES;
				GCC_WARN_ABOUT_RETURN_TYPE = YES_ERROR;
				GCC_WARN_UNDECLARED_SELECTOR = YES;
				GCC_WARN_UNINITIALIZED_AUTOS = YES_AGGRESSIVE;
				GCC_WARN_UNUSED_FUNCTION = YES;
				GCC_WARN_UNUSED_VARIABLE = YES;
				IPHONEOS_DEPLOYMENT_TARGET = 17.5;
				LOCALIZATION_PREFERS_STRING_CATALOGS = YES;
				MTL_ENABLE_DEBUG_INFO = INCLUDE_SOURCE;
				MTL_FAST_MATH = YES;
				ONLY_ACTIVE_ARCH = YES;
				SDKROOT = iphoneos;
				SWIFT_ACTIVE_COMPILATION_CONDITIONS = "DEBUG $(inherited)";
				SWIFT_OPTIMIZATION_LEVEL = "-Onone";
			};
			name = Debug;
		};
		3172A13C2CBC4CD500BDD5BC /* Release */ = {
			isa = XCBuildConfiguration;
			buildSettings = {
				ALWAYS_SEARCH_USER_PATHS = NO;
				ASSETCATALOG_COMPILER_GENERATE_SWIFT_ASSET_SYMBOL_EXTENSIONS = YES;
				CLANG_ANALYZER_NONNULL = YES;
				CLANG_ANALYZER_NUMBER_OBJECT_CONVERSION = YES_AGGRESSIVE;
				CLANG_CXX_LANGUAGE_STANDARD = "gnu++20";
				CLANG_ENABLE_MODULES = YES;
				CLANG_ENABLE_OBJC_ARC = YES;
				CLANG_ENABLE_OBJC_WEAK = YES;
				CLANG_WARN_BLOCK_CAPTURE_AUTORELEASING = YES;
				CLANG_WARN_BOOL_CONVERSION = YES;
				CLANG_WARN_COMMA = YES;
				CLANG_WARN_CONSTANT_CONVERSION = YES;
				CLANG_WARN_DEPRECATED_OBJC_IMPLEMENTATIONS = YES;
				CLANG_WARN_DIRECT_OBJC_ISA_USAGE = YES_ERROR;
				CLANG_WARN_DOCUMENTATION_COMMENTS = YES;
				CLANG_WARN_EMPTY_BODY = YES;
				CLANG_WARN_ENUM_CONVERSION = YES;
				CLANG_WARN_INFINITE_RECURSION = YES;
				CLANG_WARN_INT_CONVERSION = YES;
				CLANG_WARN_NON_LITERAL_NULL_CONVERSION = YES;
				CLANG_WARN_OBJC_IMPLICIT_RETAIN_SELF = YES;
				CLANG_WARN_OBJC_LITERAL_CONVERSION = YES;
				CLANG_WARN_OBJC_ROOT_CLASS = YES_ERROR;
				CLANG_WARN_QUOTED_INCLUDE_IN_FRAMEWORK_HEADER = YES;
				CLANG_WARN_RANGE_LOOP_ANALYSIS = YES;
				CLANG_WARN_STRICT_PROTOTYPES = YES;
				CLANG_WARN_SUSPICIOUS_MOVE = YES;
				CLANG_WARN_UNGUARDED_AVAILABILITY = YES_AGGRESSIVE;
				CLANG_WARN_UNREACHABLE_CODE = YES;
				CLANG_WARN__DUPLICATE_METHOD_MATCH = YES;
				COPY_PHASE_STRIP = NO;
				DEBUG_INFORMATION_FORMAT = "dwarf-with-dsym";
				ENABLE_NS_ASSERTIONS = NO;
				ENABLE_STRICT_OBJC_MSGSEND = YES;
				ENABLE_USER_SCRIPT_SANDBOXING = NO;
				GCC_C_LANGUAGE_STANDARD = gnu17;
				GCC_NO_COMMON_BLOCKS = YES;
				GCC_WARN_64_TO_32_BIT_CONVERSION = YES;
				GCC_WARN_ABOUT_RETURN_TYPE = YES_ERROR;
				GCC_WARN_UNDECLARED_SELECTOR = YES;
				GCC_WARN_UNINITIALIZED_AUTOS = YES_AGGRESSIVE;
				GCC_WARN_UNUSED_FUNCTION = YES;
				GCC_WARN_UNUSED_VARIABLE = YES;
				IPHONEOS_DEPLOYMENT_TARGET = 17.5;
				LOCALIZATION_PREFERS_STRING_CATALOGS = YES;
				MTL_ENABLE_DEBUG_INFO = NO;
				MTL_FAST_MATH = YES;
				SDKROOT = iphoneos;
				SWIFT_COMPILATION_MODE = wholemodule;
				VALIDATE_PRODUCT = YES;
			};
			name = Release;
		};
		3172A13E2CBC4CD500BDD5BC /* Debug */ = {
			isa = XCBuildConfiguration;
			baseConfigurationReference = 62B17EBF452A9D1FBCE30DCE /* Pods-Mkcals.debug.xcconfig */;
			buildSettings = {
				ASSETCATALOG_COMPILER_APPICON_NAME = AppIcon;
				ASSETCATALOG_COMPILER_GLOBAL_ACCENT_COLOR_NAME = AccentColor;
				CODE_SIGN_STYLE = Automatic;
				CURRENT_PROJECT_VERSION = 1;
				DEVELOPMENT_ASSET_PATHS = "\"M-Cals/Preview Content\"";
				DEVELOPMENT_TEAM = Q8344KAJF2;
				ENABLE_PREVIEWS = YES;
				GENERATE_INFOPLIST_FILE = YES;
				INFOPLIST_FILE = "M-Cals/Info.plist";
				INFOPLIST_KEY_LSApplicationCategoryType = "";
				INFOPLIST_KEY_UIApplicationSceneManifest_Generation = YES;
				INFOPLIST_KEY_UIApplicationSupportsIndirectInputEvents = YES;
				INFOPLIST_KEY_UILaunchScreen_Generation = YES;
				INFOPLIST_KEY_UISupportedInterfaceOrientations_iPad = "UIInterfaceOrientationPortrait UIInterfaceOrientationPortraitUpsideDown UIInterfaceOrientationLandscapeLeft UIInterfaceOrientationLandscapeRight";
				INFOPLIST_KEY_UISupportedInterfaceOrientations_iPhone = UIInterfaceOrientationPortrait;
				INFOPLIST_KEY_UIUserInterfaceStyle = Light;
				LD_RUNPATH_SEARCH_PATHS = (
					"$(inherited)",
					"@executable_path/Frameworks",
				);
				MARKETING_VERSION = 1.0;
				PRODUCT_BUNDLE_IDENTIFIER = "com.grantp.M-Cals";
				PRODUCT_NAME = "$(TARGET_NAME)";
				SUPPORTED_PLATFORMS = "iphoneos iphonesimulator";
				SUPPORTS_MACCATALYST = NO;
				SUPPORTS_MAC_DESIGNED_FOR_IPHONE_IPAD = NO;
				SUPPORTS_XR_DESIGNED_FOR_IPHONE_IPAD = NO;
				SWIFT_EMIT_LOC_STRINGS = YES;
				SWIFT_VERSION = 5.0;
				TARGETED_DEVICE_FAMILY = "1,2";
			};
			name = Debug;
		};
		3172A13F2CBC4CD500BDD5BC /* Release */ = {
			isa = XCBuildConfiguration;
			baseConfigurationReference = 57C4CCD2C03D6182DD5B687D /* Pods-Mkcals.release.xcconfig */;
			buildSettings = {
				ASSETCATALOG_COMPILER_APPICON_NAME = AppIcon;
				ASSETCATALOG_COMPILER_GLOBAL_ACCENT_COLOR_NAME = AccentColor;
				CODE_SIGN_STYLE = Automatic;
				CURRENT_PROJECT_VERSION = 1;
				DEVELOPMENT_ASSET_PATHS = "\"M-Cals/Preview Content\"";
				DEVELOPMENT_TEAM = Q8344KAJF2;
				ENABLE_PREVIEWS = YES;
				GENERATE_INFOPLIST_FILE = YES;
				INFOPLIST_FILE = "M-Cals/Info.plist";
				INFOPLIST_KEY_LSApplicationCategoryType = "";
				INFOPLIST_KEY_UIApplicationSceneManifest_Generation = YES;
				INFOPLIST_KEY_UIApplicationSupportsIndirectInputEvents = YES;
				INFOPLIST_KEY_UILaunchScreen_Generation = YES;
				INFOPLIST_KEY_UISupportedInterfaceOrientations_iPad = "UIInterfaceOrientationPortrait UIInterfaceOrientationPortraitUpsideDown UIInterfaceOrientationLandscapeLeft UIInterfaceOrientationLandscapeRight";
				INFOPLIST_KEY_UISupportedInterfaceOrientations_iPhone = UIInterfaceOrientationPortrait;
				INFOPLIST_KEY_UIUserInterfaceStyle = Light;
				LD_RUNPATH_SEARCH_PATHS = (
					"$(inherited)",
					"@executable_path/Frameworks",
				);
				MARKETING_VERSION = 1.0;
				PRODUCT_BUNDLE_IDENTIFIER = "com.grantp.M-Cals";
				PRODUCT_NAME = "$(TARGET_NAME)";
				SUPPORTED_PLATFORMS = "iphoneos iphonesimulator";
				SUPPORTS_MACCATALYST = NO;
				SUPPORTS_MAC_DESIGNED_FOR_IPHONE_IPAD = NO;
				SUPPORTS_XR_DESIGNED_FOR_IPHONE_IPAD = NO;
				SWIFT_EMIT_LOC_STRINGS = YES;
				SWIFT_VERSION = 5.0;
				TARGETED_DEVICE_FAMILY = "1,2";
			};
			name = Release;
		};
/* End XCBuildConfiguration section */

/* Begin XCConfigurationList section */
		3172A12A2CBC4CD400BDD5BC /* Build configuration list for PBXProject "M-Cals" */ = {
			isa = XCConfigurationList;
			buildConfigurations = (
				3172A13B2CBC4CD500BDD5BC /* Debug */,
				3172A13C2CBC4CD500BDD5BC /* Release */,
			);
			defaultConfigurationIsVisible = 0;
			defaultConfigurationName = Release;
		};
		3172A13D2CBC4CD500BDD5BC /* Build configuration list for PBXNativeTarget "M-Cals" */ = {
			isa = XCConfigurationList;
			buildConfigurations = (
				3172A13E2CBC4CD500BDD5BC /* Debug */,
				3172A13F2CBC4CD500BDD5BC /* Release */,
			);
			defaultConfigurationIsVisible = 0;
			defaultConfigurationName = Release;
		};
/* End XCConfigurationList section */
	};
	rootObject = 3172A1272CBC4CD400BDD5BC /* Project object */;
}
